// !$*UTF8*$!
{
	archiveVersion = 1;
	classes = {
	};
	objectVersion = 56;
	objects = {

/* Begin PBXBuildFile section */
		1C56421C2C80724300C52FA6 /* OtakuSUIApp.swift in Sources */ = {isa = PBXBuildFile; fileRef = 1C56421B2C80724300C52FA6 /* OtakuSUIApp.swift */; };
		1C5642202C80724400C52FA6 /* Assets.xcassets in Resources */ = {isa = PBXBuildFile; fileRef = 1C56421F2C80724400C52FA6 /* Assets.xcassets */; };
		1C5642232C80724400C52FA6 /* Preview Assets.xcassets in Resources */ = {isa = PBXBuildFile; fileRef = 1C5642222C80724400C52FA6 /* Preview Assets.xcassets */; };
		1C970F3C2C808203004D2D44 /* MainView.swift in Sources */ = {isa = PBXBuildFile; fileRef = 1C970F3B2C808203004D2D44 /* MainView.swift */; };
		1C970F4E2C80860D004D2D44 /* AnimeListRow.swift in Sources */ = {isa = PBXBuildFile; fileRef = 1C970F4D2C80860D004D2D44 /* AnimeListRow.swift */; };
		1C970F522C808A78004D2D44 /* Parser.swift in Sources */ = {isa = PBXBuildFile; fileRef = 1C970F512C808A78004D2D44 /* Parser.swift */; };
		1C970F552C808B7B004D2D44 /* RequestSender.swift in Sources */ = {isa = PBXBuildFile; fileRef = 1C970F542C808B7B004D2D44 /* RequestSender.swift */; };
		1C970F572C8099EC004D2D44 /* ImageLoaderView.swift in Sources */ = {isa = PBXBuildFile; fileRef = 1C970F562C8099EC004D2D44 /* ImageLoaderView.swift */; };
		1C970F5C2C809A6E004D2D44 /* AnimeListViewModel.swift in Sources */ = {isa = PBXBuildFile; fileRef = 1C970F5B2C809A6E004D2D44 /* AnimeListViewModel.swift */; };
		1C970F5E2C809D91004D2D44 /* LoadingView.swift in Sources */ = {isa = PBXBuildFile; fileRef = 1C970F5D2C809D91004D2D44 /* LoadingView.swift */; };
		1C9CC6AD2C818A4300785576 /* InfoView.swift in Sources */ = {isa = PBXBuildFile; fileRef = 1C9CC6AC2C818A4300785576 /* InfoView.swift */; };
		1C9CC6AF2C8194BC00785576 /* InfoViewModel.swift in Sources */ = {isa = PBXBuildFile; fileRef = 1C9CC6AE2C8194BC00785576 /* InfoViewModel.swift */; };
		1C9CC6B12C81968600785576 /* Parser+Info.swift in Sources */ = {isa = PBXBuildFile; fileRef = 1C9CC6B02C81968600785576 /* Parser+Info.swift */; };
		1C9CC6B42C81D3FA00785576 /* SeriesView.swift in Sources */ = {isa = PBXBuildFile; fileRef = 1C9CC6B32C81D3FA00785576 /* SeriesView.swift */; };
		1C9CC6B62C81D42100785576 /* SeriesViewModel.swift in Sources */ = {isa = PBXBuildFile; fileRef = 1C9CC6B52C81D42100785576 /* SeriesViewModel.swift */; };
		1C9CC6B82C81D62A00785576 /* Parser+Series.swift in Sources */ = {isa = PBXBuildFile; fileRef = 1C9CC6B72C81D62A00785576 /* Parser+Series.swift */; };
		93646E9FB751F36A03DAF422 /* Pods_OtakuSUI.framework in Frameworks */ = {isa = PBXBuildFile; fileRef = 3E4D5615970C7C2A9CE15D9F /* Pods_OtakuSUI.framework */; };
/* End PBXBuildFile section */

/* Begin PBXFileReference section */
		1C5642182C80724300C52FA6 /* OtakuSUI.app */ = {isa = PBXFileReference; explicitFileType = wrapper.application; includeInIndex = 0; path = OtakuSUI.app; sourceTree = BUILT_PRODUCTS_DIR; };
		1C56421B2C80724300C52FA6 /* OtakuSUIApp.swift */ = {isa = PBXFileReference; lastKnownFileType = sourcecode.swift; path = OtakuSUIApp.swift; sourceTree = "<group>"; };
		1C56421F2C80724400C52FA6 /* Assets.xcassets */ = {isa = PBXFileReference; lastKnownFileType = folder.assetcatalog; path = Assets.xcassets; sourceTree = "<group>"; };
		1C5642222C80724400C52FA6 /* Preview Assets.xcassets */ = {isa = PBXFileReference; lastKnownFileType = folder.assetcatalog; path = "Preview Assets.xcassets"; sourceTree = "<group>"; };
		1C970F3B2C808203004D2D44 /* MainView.swift */ = {isa = PBXFileReference; lastKnownFileType = sourcecode.swift; path = MainView.swift; sourceTree = "<group>"; };
		1C970F4D2C80860D004D2D44 /* AnimeListRow.swift */ = {isa = PBXFileReference; lastKnownFileType = sourcecode.swift; path = AnimeListRow.swift; sourceTree = "<group>"; };
		1C970F512C808A78004D2D44 /* Parser.swift */ = {isa = PBXFileReference; lastKnownFileType = sourcecode.swift; path = Parser.swift; sourceTree = "<group>"; };
		1C970F542C808B7B004D2D44 /* RequestSender.swift */ = {isa = PBXFileReference; lastKnownFileType = sourcecode.swift; path = RequestSender.swift; sourceTree = "<group>"; };
		1C970F562C8099EC004D2D44 /* ImageLoaderView.swift */ = {isa = PBXFileReference; lastKnownFileType = sourcecode.swift; path = ImageLoaderView.swift; sourceTree = "<group>"; };
		1C970F5B2C809A6E004D2D44 /* AnimeListViewModel.swift */ = {isa = PBXFileReference; lastKnownFileType = sourcecode.swift; path = AnimeListViewModel.swift; sourceTree = "<group>"; };
		1C970F5D2C809D91004D2D44 /* LoadingView.swift */ = {isa = PBXFileReference; lastKnownFileType = sourcecode.swift; path = LoadingView.swift; sourceTree = "<group>"; };
		1C9CC6AC2C818A4300785576 /* InfoView.swift */ = {isa = PBXFileReference; lastKnownFileType = sourcecode.swift; path = InfoView.swift; sourceTree = "<group>"; };
		1C9CC6AE2C8194BC00785576 /* InfoViewModel.swift */ = {isa = PBXFileReference; lastKnownFileType = sourcecode.swift; path = InfoViewModel.swift; sourceTree = "<group>"; };
		1C9CC6B02C81968600785576 /* Parser+Info.swift */ = {isa = PBXFileReference; lastKnownFileType = sourcecode.swift; path = "Parser+Info.swift"; sourceTree = "<group>"; };
		1C9CC6B32C81D3FA00785576 /* SeriesView.swift */ = {isa = PBXFileReference; lastKnownFileType = sourcecode.swift; path = SeriesView.swift; sourceTree = "<group>"; };
		1C9CC6B52C81D42100785576 /* SeriesViewModel.swift */ = {isa = PBXFileReference; lastKnownFileType = sourcecode.swift; path = SeriesViewModel.swift; sourceTree = "<group>"; };
		1C9CC6B72C81D62A00785576 /* Parser+Series.swift */ = {isa = PBXFileReference; lastKnownFileType = sourcecode.swift; path = "Parser+Series.swift"; sourceTree = "<group>"; };
		3E4D5615970C7C2A9CE15D9F /* Pods_OtakuSUI.framework */ = {isa = PBXFileReference; explicitFileType = wrapper.framework; includeInIndex = 0; path = Pods_OtakuSUI.framework; sourceTree = BUILT_PRODUCTS_DIR; };
		690D10A22C76B56D045A5B79 /* Pods-OtakuSUI.debug.xcconfig */ = {isa = PBXFileReference; includeInIndex = 1; lastKnownFileType = text.xcconfig; name = "Pods-OtakuSUI.debug.xcconfig"; path = "Target Support Files/Pods-OtakuSUI/Pods-OtakuSUI.debug.xcconfig"; sourceTree = "<group>"; };
		6FA976351E62AE3EB5E925AE /* Pods-OtakuSUI.release.xcconfig */ = {isa = PBXFileReference; includeInIndex = 1; lastKnownFileType = text.xcconfig; name = "Pods-OtakuSUI.release.xcconfig"; path = "Target Support Files/Pods-OtakuSUI/Pods-OtakuSUI.release.xcconfig"; sourceTree = "<group>"; };
/* End PBXFileReference section */

/* Begin PBXFrameworksBuildPhase section */
		1C5642152C80724300C52FA6 /* Frameworks */ = {
			isa = PBXFrameworksBuildPhase;
			buildActionMask = 2147483647;
			files = (
				93646E9FB751F36A03DAF422 /* Pods_OtakuSUI.framework in Frameworks */,
			);
			runOnlyForDeploymentPostprocessing = 0;
		};
/* End PBXFrameworksBuildPhase section */

/* Begin PBXGroup section */
		11C7389BD18C7B6A94320CEE /* Pods */ = {
			isa = PBXGroup;
			children = (
				690D10A22C76B56D045A5B79 /* Pods-OtakuSUI.debug.xcconfig */,
				6FA976351E62AE3EB5E925AE /* Pods-OtakuSUI.release.xcconfig */,
			);
			path = Pods;
			sourceTree = "<group>";
		};
		1C56420F2C80724200C52FA6 = {
			isa = PBXGroup;
			children = (
				1C56421A2C80724300C52FA6 /* OtakuSUI */,
				1C5642192C80724300C52FA6 /* Products */,
				11C7389BD18C7B6A94320CEE /* Pods */,
				FCABC6D8010EC694E86D6B03 /* Frameworks */,
			);
			sourceTree = "<group>";
		};
		1C5642192C80724300C52FA6 /* Products */ = {
			isa = PBXGroup;
			children = (
				1C5642182C80724300C52FA6 /* OtakuSUI.app */,
			);
			name = Products;
			sourceTree = "<group>";
		};
		1C56421A2C80724300C52FA6 /* OtakuSUI */ = {
			isa = PBXGroup;
			children = (
				1C970F532C808B70004D2D44 /* Core */,
				1C970F4F2C808A62004D2D44 /* Utils */,
				1C970F3A2C8081F7004D2D44 /* Views */,
				1C56421B2C80724300C52FA6 /* OtakuSUIApp.swift */,
				1C56421F2C80724400C52FA6 /* Assets.xcassets */,
				1C5642212C80724400C52FA6 /* Preview Content */,
			);
			path = OtakuSUI;
			sourceTree = "<group>";
		};
		1C5642212C80724400C52FA6 /* Preview Content */ = {
			isa = PBXGroup;
			children = (
				1C5642222C80724400C52FA6 /* Preview Assets.xcassets */,
			);
			path = "Preview Content";
			sourceTree = "<group>";
		};
		1C970F3A2C8081F7004D2D44 /* Views */ = {
			isa = PBXGroup;
			children = (
				1C9CC6B22C81D3EE00785576 /* Series */,
				1C9CC6A82C8189F500785576 /* Info */,
				1C970F582C809A3C004D2D44 /* Main */,
			);
			path = Views;
			sourceTree = "<group>";
		};
		1C970F4F2C808A62004D2D44 /* Utils */ = {
			isa = PBXGroup;
			children = (
				1C970F502C808A69004D2D44 /* Parser */,
				1C970F562C8099EC004D2D44 /* ImageLoaderView.swift */,
				1C970F5D2C809D91004D2D44 /* LoadingView.swift */,
			);
			path = Utils;
			sourceTree = "<group>";
		};
		1C970F502C808A69004D2D44 /* Parser */ = {
			isa = PBXGroup;
			children = (
				1C970F512C808A78004D2D44 /* Parser.swift */,
				1C9CC6B02C81968600785576 /* Parser+Info.swift */,
				1C9CC6B72C81D62A00785576 /* Parser+Series.swift */,
			);
			path = Parser;
			sourceTree = "<group>";
		};
		1C970F532C808B70004D2D44 /* Core */ = {
			isa = PBXGroup;
			children = (
				1C970F542C808B7B004D2D44 /* RequestSender.swift */,
			);
			path = Core;
			sourceTree = "<group>";
		};
		1C970F582C809A3C004D2D44 /* Main */ = {
			isa = PBXGroup;
			children = (
				1C970F5B2C809A6E004D2D44 /* AnimeListViewModel.swift */,
				1C970F3B2C808203004D2D44 /* MainView.swift */,
				1C970F4D2C80860D004D2D44 /* AnimeListRow.swift */,
			);
			path = Main;
			sourceTree = "<group>";
		};
		1C9CC6A82C8189F500785576 /* Info */ = {
			isa = PBXGroup;
			children = (
				1C9CC6AE2C8194BC00785576 /* InfoViewModel.swift */,
				1C9CC6AC2C818A4300785576 /* InfoView.swift */,
			);
			path = Info;
			sourceTree = "<group>";
		};
		1C9CC6B22C81D3EE00785576 /* Series */ = {
			isa = PBXGroup;
			children = (
				1C9CC6B32C81D3FA00785576 /* SeriesView.swift */,
				1C9CC6B52C81D42100785576 /* SeriesViewModel.swift */,
			);
			path = Series;
			sourceTree = "<group>";
		};
		FCABC6D8010EC694E86D6B03 /* Frameworks */ = {
			isa = PBXGroup;
			children = (
				3E4D5615970C7C2A9CE15D9F /* Pods_OtakuSUI.framework */,
			);
			name = Frameworks;
			sourceTree = "<group>";
		};
/* End PBXGroup section */

/* Begin PBXNativeTarget section */
		1C5642172C80724300C52FA6 /* OtakuSUI */ = {
			isa = PBXNativeTarget;
			buildConfigurationList = 1C5642262C80724400C52FA6 /* Build configuration list for PBXNativeTarget "OtakuSUI" */;
			buildPhases = (
				2389F0D3B9026435D52C83F2 /* [CP] Check Pods Manifest.lock */,
				1C5642142C80724300C52FA6 /* Sources */,
				1C5642152C80724300C52FA6 /* Frameworks */,
				1C5642162C80724300C52FA6 /* Resources */,
				778F0E560E1187693FAA02E4 /* [CP] Embed Pods Frameworks */,
			);
			buildRules = (
			);
			dependencies = (
			);
			name = OtakuSUI;
			productName = OtakuSUI;
			productReference = 1C5642182C80724300C52FA6 /* OtakuSUI.app */;
			productType = "com.apple.product-type.application";
		};
/* End PBXNativeTarget section */

/* Begin PBXProject section */
		1C5642102C80724200C52FA6 /* Project object */ = {
			isa = PBXProject;
			attributes = {
				BuildIndependentTargetsInParallel = 1;
				LastSwiftUpdateCheck = 1540;
				LastUpgradeCheck = 1540;
				TargetAttributes = {
					1C5642172C80724300C52FA6 = {
						CreatedOnToolsVersion = 15.4;
					};
				};
			};
			buildConfigurationList = 1C5642132C80724200C52FA6 /* Build configuration list for PBXProject "OtakuSUI" */;
			compatibilityVersion = "Xcode 14.0";
			developmentRegion = en;
			hasScannedForEncodings = 0;
			knownRegions = (
				en,
				Base,
			);
			mainGroup = 1C56420F2C80724200C52FA6;
			productRefGroup = 1C5642192C80724300C52FA6 /* Products */;
			projectDirPath = "";
			projectRoot = "";
			targets = (
				1C5642172C80724300C52FA6 /* OtakuSUI */,
			);
		};
/* End PBXProject section */

/* Begin PBXResourcesBuildPhase section */
		1C5642162C80724300C52FA6 /* Resources */ = {
			isa = PBXResourcesBuildPhase;
			buildActionMask = 2147483647;
			files = (
				1C5642232C80724400C52FA6 /* Preview Assets.xcassets in Resources */,
				1C5642202C80724400C52FA6 /* Assets.xcassets in Resources */,
			);
			runOnlyForDeploymentPostprocessing = 0;
		};
/* End PBXResourcesBuildPhase section */

/* Begin PBXShellScriptBuildPhase section */
		2389F0D3B9026435D52C83F2 /* [CP] Check Pods Manifest.lock */ = {
			isa = PBXShellScriptBuildPhase;
			buildActionMask = 2147483647;
			files = (
			);
			inputFileListPaths = (
			);
			inputPaths = (
				"${PODS_PODFILE_DIR_PATH}/Podfile.lock",
				"${PODS_ROOT}/Manifest.lock",
			);
			name = "[CP] Check Pods Manifest.lock";
			outputFileListPaths = (
			);
			outputPaths = (
				"$(DERIVED_FILE_DIR)/Pods-OtakuSUI-checkManifestLockResult.txt",
			);
			runOnlyForDeploymentPostprocessing = 0;
			shellPath = /bin/sh;
			shellScript = "diff \"${PODS_PODFILE_DIR_PATH}/Podfile.lock\" \"${PODS_ROOT}/Manifest.lock\" > /dev/null\nif [ $? != 0 ] ; then\n    # print error to STDERR\n    echo \"error: The sandbox is not in sync with the Podfile.lock. Run 'pod install' or update your CocoaPods installation.\" >&2\n    exit 1\nfi\n# This output is used by Xcode 'outputs' to avoid re-running this script phase.\necho \"SUCCESS\" > \"${SCRIPT_OUTPUT_FILE_0}\"\n";
			showEnvVarsInLog = 0;
		};
		778F0E560E1187693FAA02E4 /* [CP] Embed Pods Frameworks */ = {
			isa = PBXShellScriptBuildPhase;
			buildActionMask = 2147483647;
			files = (
			);
			inputFileListPaths = (
				"${PODS_ROOT}/Target Support Files/Pods-OtakuSUI/Pods-OtakuSUI-frameworks-${CONFIGURATION}-input-files.xcfilelist",
			);
			name = "[CP] Embed Pods Frameworks";
			outputFileListPaths = (
				"${PODS_ROOT}/Target Support Files/Pods-OtakuSUI/Pods-OtakuSUI-frameworks-${CONFIGURATION}-output-files.xcfilelist",
			);
			runOnlyForDeploymentPostprocessing = 0;
			shellPath = /bin/sh;
			shellScript = "\"${PODS_ROOT}/Target Support Files/Pods-OtakuSUI/Pods-OtakuSUI-frameworks.sh\"\n";
			showEnvVarsInLog = 0;
		};
/* End PBXShellScriptBuildPhase section */

/* Begin PBXSourcesBuildPhase section */
		1C5642142C80724300C52FA6 /* Sources */ = {
			isa = PBXSourcesBuildPhase;
			buildActionMask = 2147483647;
			files = (
				1C970F3C2C808203004D2D44 /* MainView.swift in Sources */,
				1C9CC6B62C81D42100785576 /* SeriesViewModel.swift in Sources */,
				1C970F4E2C80860D004D2D44 /* AnimeListRow.swift in Sources */,
				1C970F552C808B7B004D2D44 /* RequestSender.swift in Sources */,
				1C9CC6AD2C818A4300785576 /* InfoView.swift in Sources */,
				1C9CC6B82C81D62A00785576 /* Parser+Series.swift in Sources */,
				1C970F572C8099EC004D2D44 /* ImageLoaderView.swift in Sources */,
				1C9CC6B42C81D3FA00785576 /* SeriesView.swift in Sources */,
				1C970F5E2C809D91004D2D44 /* LoadingView.swift in Sources */,
				1C970F522C808A78004D2D44 /* Parser.swift in Sources */,
				1C970F5C2C809A6E004D2D44 /* AnimeListViewModel.swift in Sources */,
				1C9CC6B12C81968600785576 /* Parser+Info.swift in Sources */,
				1C9CC6AF2C8194BC00785576 /* InfoViewModel.swift in Sources */,
				1C56421C2C80724300C52FA6 /* OtakuSUIApp.swift in Sources */,
			);
			runOnlyForDeploymentPostprocessing = 0;
		};
/* End PBXSourcesBuildPhase section */

/* Begin XCBuildConfiguration section */
		1C5642242C80724400C52FA6 /* Debug */ = {
			isa = XCBuildConfiguration;
			buildSettings = {
				ALWAYS_SEARCH_USER_PATHS = NO;
				ASSETCATALOG_COMPILER_GENERATE_SWIFT_ASSET_SYMBOL_EXTENSIONS = YES;
				CLANG_ANALYZER_NONNULL = YES;
				CLANG_ANALYZER_NUMBER_OBJECT_CONVERSION = YES_AGGRESSIVE;
				CLANG_CXX_LANGUAGE_STANDARD = "gnu++20";
				CLANG_ENABLE_MODULES = YES;
				CLANG_ENABLE_OBJC_ARC = YES;
				CLANG_ENABLE_OBJC_WEAK = YES;
				CLANG_WARN_BLOCK_CAPTURE_AUTORELEASING = YES;
				CLANG_WARN_BOOL_CONVERSION = YES;
				CLANG_WARN_COMMA = YES;
				CLANG_WARN_CONSTANT_CONVERSION = YES;
				CLANG_WARN_DEPRECATED_OBJC_IMPLEMENTATIONS = YES;
				CLANG_WARN_DIRECT_OBJC_ISA_USAGE = YES_ERROR;
				CLANG_WARN_DOCUMENTATION_COMMENTS = YES;
				CLANG_WARN_EMPTY_BODY = YES;
				CLANG_WARN_ENUM_CONVERSION = YES;
				CLANG_WARN_INFINITE_RECURSION = YES;
				CLANG_WARN_INT_CONVERSION = YES;
				CLANG_WARN_NON_LITERAL_NULL_CONVERSION = YES;
				CLANG_WARN_OBJC_IMPLICIT_RETAIN_SELF = YES;
				CLANG_WARN_OBJC_LITERAL_CONVERSION = YES;
				CLANG_WARN_OBJC_ROOT_CLASS = YES_ERROR;
				CLANG_WARN_QUOTED_INCLUDE_IN_FRAMEWORK_HEADER = YES;
				CLANG_WARN_RANGE_LOOP_ANALYSIS = YES;
				CLANG_WARN_STRICT_PROTOTYPES = YES;
				CLANG_WARN_SUSPICIOUS_MOVE = YES;
				CLANG_WARN_UNGUARDED_AVAILABILITY = YES_AGGRESSIVE;
				CLANG_WARN_UNREACHABLE_CODE = YES;
				CLANG_WARN__DUPLICATE_METHOD_MATCH = YES;
				COPY_PHASE_STRIP = NO;
				DEBUG_INFORMATION_FORMAT = dwarf;
				ENABLE_STRICT_OBJC_MSGSEND = YES;
				ENABLE_TESTABILITY = YES;
				ENABLE_USER_SCRIPT_SANDBOXING = NO;
				GCC_C_LANGUAGE_STANDARD = gnu17;
				GCC_DYNAMIC_NO_PIC = NO;
				GCC_NO_COMMON_BLOCKS = YES;
				GCC_OPTIMIZATION_LEVEL = 0;
				GCC_PREPROCESSOR_DEFINITIONS = (
					"DEBUG=1",
					"$(inherited)",
				);
				GCC_WARN_64_TO_32_BIT_CONVERSION = YES;
				GCC_WARN_ABOUT_RETURN_TYPE = YES_ERROR;
				GCC_WARN_UNDECLARED_SELECTOR = YES;
				GCC_WARN_UNINITIALIZED_AUTOS = YES_AGGRESSIVE;
				GCC_WARN_UNUSED_FUNCTION = YES;
				GCC_WARN_UNUSED_VARIABLE = YES;
				IPHONEOS_DEPLOYMENT_TARGET = 15.0;
				LOCALIZATION_PREFERS_STRING_CATALOGS = YES;
				MTL_ENABLE_DEBUG_INFO = INCLUDE_SOURCE;
				MTL_FAST_MATH = YES;
				ONLY_ACTIVE_ARCH = YES;
				SDKROOT = iphoneos;
				SWIFT_ACTIVE_COMPILATION_CONDITIONS = "DEBUG $(inherited)";
				SWIFT_OPTIMIZATION_LEVEL = "-Onone";
			};
			name = Debug;
		};
		1C5642252C80724400C52FA6 /* Release */ = {
			isa = XCBuildConfiguration;
			buildSettings = {
				ALWAYS_SEARCH_USER_PATHS = NO;
				ASSETCATALOG_COMPILER_GENERATE_SWIFT_ASSET_SYMBOL_EXTENSIONS = YES;
				CLANG_ANALYZER_NONNULL = YES;
				CLANG_ANALYZER_NUMBER_OBJECT_CONVERSION = YES_AGGRESSIVE;
				CLANG_CXX_LANGUAGE_STANDARD = "gnu++20";
				CLANG_ENABLE_MODULES = YES;
				CLANG_ENABLE_OBJC_ARC = YES;
				CLANG_ENABLE_OBJC_WEAK = YES;
				CLANG_WARN_BLOCK_CAPTURE_AUTORELEASING = YES;
				CLANG_WARN_BOOL_CONVERSION = YES;
				CLANG_WARN_COMMA = YES;
				CLANG_WARN_CONSTANT_CONVERSION = YES;
				CLANG_WARN_DEPRECATED_OBJC_IMPLEMENTATIONS = YES;
				CLANG_WARN_DIRECT_OBJC_ISA_USAGE = YES_ERROR;
				CLANG_WARN_DOCUMENTATION_COMMENTS = YES;
				CLANG_WARN_EMPTY_BODY = YES;
				CLANG_WARN_ENUM_CONVERSION = YES;
				CLANG_WARN_INFINITE_RECURSION = YES;
				CLANG_WARN_INT_CONVERSION = YES;
				CLANG_WARN_NON_LITERAL_NULL_CONVERSION = YES;
				CLANG_WARN_OBJC_IMPLICIT_RETAIN_SELF = YES;
				CLANG_WARN_OBJC_LITERAL_CONVERSION = YES;
				CLANG_WARN_OBJC_ROOT_CLASS = YES_ERROR;
				CLANG_WARN_QUOTED_INCLUDE_IN_FRAMEWORK_HEADER = YES;
				CLANG_WARN_RANGE_LOOP_ANALYSIS = YES;
				CLANG_WARN_STRICT_PROTOTYPES = YES;
				CLANG_WARN_SUSPICIOUS_MOVE = YES;
				CLANG_WARN_UNGUARDED_AVAILABILITY = YES_AGGRESSIVE;
				CLANG_WARN_UNREACHABLE_CODE = YES;
				CLANG_WARN__DUPLICATE_METHOD_MATCH = YES;
				COPY_PHASE_STRIP = NO;
				DEBUG_INFORMATION_FORMAT = "dwarf-with-dsym";
				ENABLE_NS_ASSERTIONS = NO;
				ENABLE_STRICT_OBJC_MSGSEND = YES;
				ENABLE_USER_SCRIPT_SANDBOXING = NO;
				GCC_C_LANGUAGE_STANDARD = gnu17;
				GCC_NO_COMMON_BLOCKS = YES;
				GCC_WARN_64_TO_32_BIT_CONVERSION = YES;
				GCC_WARN_ABOUT_RETURN_TYPE = YES_ERROR;
				GCC_WARN_UNDECLARED_SELECTOR = YES;
				GCC_WARN_UNINITIALIZED_AUTOS = YES_AGGRESSIVE;
				GCC_WARN_UNUSED_FUNCTION = YES;
				GCC_WARN_UNUSED_VARIABLE = YES;
				IPHONEOS_DEPLOYMENT_TARGET = 15.0;
				LOCALIZATION_PREFERS_STRING_CATALOGS = YES;
				MTL_ENABLE_DEBUG_INFO = NO;
				MTL_FAST_MATH = YES;
				SDKROOT = iphoneos;
				SWIFT_COMPILATION_MODE = wholemodule;
				VALIDATE_PRODUCT = YES;
			};
			name = Release;
		};
		1C5642272C80724400C52FA6 /* Debug */ = {
			isa = XCBuildConfiguration;
			baseConfigurationReference = 690D10A22C76B56D045A5B79 /* Pods-OtakuSUI.debug.xcconfig */;
			buildSettings = {
				ASSETCATALOG_COMPILER_APPICON_NAME = AppIcon;
				ASSETCATALOG_COMPILER_GLOBAL_ACCENT_COLOR_NAME = AccentColor;
				CODE_SIGN_STYLE = Automatic;
				CURRENT_PROJECT_VERSION = 1;
				DEVELOPMENT_ASSET_PATHS = "\"OtakuSUI/Preview Content\"";
				DEVELOPMENT_TEAM = 6FDK7GQU72;
				ENABLE_PREVIEWS = YES;
				GENERATE_INFOPLIST_FILE = YES;
				INFOPLIST_KEY_UIApplicationSceneManifest_Generation = YES;
				INFOPLIST_KEY_UIApplicationSupportsIndirectInputEvents = YES;
				INFOPLIST_KEY_UILaunchScreen_Generation = YES;
				INFOPLIST_KEY_UISupportedInterfaceOrientations = UIInterfaceOrientationPortrait;
				IPHONEOS_DEPLOYMENT_TARGET = 15.0;
				LD_RUNPATH_SEARCH_PATHS = (
					"$(inherited)",
					"@executable_path/Frameworks",
				);
				MARKETING_VERSION = 1.0;
				PRODUCT_BUNDLE_IDENTIFIER = com.akmalkhon.MangaViewer;
				PRODUCT_NAME = "$(TARGET_NAME)";
				SWIFT_EMIT_LOC_STRINGS = YES;
				SWIFT_VERSION = 5.0;
				TARGETED_DEVICE_FAMILY = "1,2";
			};
			name = Debug;
		};
		1C5642282C80724400C52FA6 /* Release */ = {
			isa = XCBuildConfiguration;
			baseConfigurationReference = 6FA976351E62AE3EB5E925AE /* Pods-OtakuSUI.release.xcconfig */;
			buildSettings = {
				ASSETCATALOG_COMPILER_APPICON_NAME = AppIcon;
				ASSETCATALOG_COMPILER_GLOBAL_ACCENT_COLOR_NAME = AccentColor;
				CODE_SIGN_STYLE = Automatic;
				CURRENT_PROJECT_VERSION = 1;
				DEVELOPMENT_ASSET_PATHS = "\"OtakuSUI/Preview Content\"";
				DEVELOPMENT_TEAM = 6FDK7GQU72;
				ENABLE_PREVIEWS = YES;
				GENERATE_INFOPLIST_FILE = YES;
				INFOPLIST_KEY_UIApplicationSceneManifest_Generation = YES;
				INFOPLIST_KEY_UIApplicationSupportsIndirectInputEvents = YES;
				INFOPLIST_KEY_UILaunchScreen_Generation = YES;
				INFOPLIST_KEY_UISupportedInterfaceOrientations = UIInterfaceOrientationPortrait;
				IPHONEOS_DEPLOYMENT_TARGET = 15.0;
				LD_RUNPATH_SEARCH_PATHS = (
					"$(inherited)",
					"@executable_path/Frameworks",
				);
				MARKETING_VERSION = 1.0;
				PRODUCT_BUNDLE_IDENTIFIER = com.akmalkhon.MangaViewer;
				PRODUCT_NAME = "$(TARGET_NAME)";
				SWIFT_EMIT_LOC_STRINGS = YES;
				SWIFT_VERSION = 5.0;
				TARGETED_DEVICE_FAMILY = "1,2";
			};
			name = Release;
		};
/* End XCBuildConfiguration section */

/* Begin XCConfigurationList section */
		1C5642132C80724200C52FA6 /* Build configuration list for PBXProject "OtakuSUI" */ = {
			isa = XCConfigurationList;
			buildConfigurations = (
				1C5642242C80724400C52FA6 /* Debug */,
				1C5642252C80724400C52FA6 /* Release */,
			);
			defaultConfigurationIsVisible = 0;
			defaultConfigurationName = Release;
		};
		1C5642262C80724400C52FA6 /* Build configuration list for PBXNativeTarget "OtakuSUI" */ = {
			isa = XCConfigurationList;
			buildConfigurations = (
				1C5642272C80724400C52FA6 /* Debug */,
				1C5642282C80724400C52FA6 /* Release */,
			);
			defaultConfigurationIsVisible = 0;
			defaultConfigurationName = Release;
		};
/* End XCConfigurationList section */
	};
	rootObject = 1C5642102C80724200C52FA6 /* Project object */;
}
